PODS:
  - Cosmos (18.0.1)
  - Realm (3.14.0):
    - Realm/Headers (= 3.14.0)
  - Realm/Headers (3.14.0)
  - RealmSwift (3.14.0):
    - Realm (= 3.14.0)

DEPENDENCIES:
  - Cosmos (~> 18.0)
  - RealmSwift

SPEC REPOS:
  https://github.com/CocoaPods/Specs.git:
    - Cosmos
    - Realm
    - RealmSwift

SPEC CHECKSUMS:
  Cosmos: 7dfaa3f52584ca5f94ab74b5c2e264019cc9f7f5
  Realm: 221b25919bb5a010a3c597d707f8df3492dcd93a
  RealmSwift: 28f22dfa6a27b9a778cfb09471558b6afcf1022c

PODFILE CHECKSUM: a7ea686a95ae1fadf73e4033274631430d697501

COCOAPODS: 1.12.0
