// !$*UTF8*$!
{
	archiveVersion = 1;
	classes = {
	};
	objectVersion = 50;
	objects = {

/* Begin PBXBuildFile section */
		8B9DAF42F91ECB0D47E8A3DB /* Pods_MyPlaces.framework in Frameworks */ = {isa = PBXBuildFile; fileRef = 733859ED947291EC14E99950 /* Pods_MyPlaces.framework */; };
		A82E5BE521A5315800BD5158 /* NewPlaceViewController.swift in Sources */ = {isa = PBXBuildFile; fileRef = A82E5BE421A5315800BD5158 /* NewPlaceViewController.swift */; };
		A895AEC921934CA7006ACC1B /* AppDelegate.swift in Sources */ = {isa = PBXBuildFile; fileRef = A895AEC821934CA7006ACC1B /* AppDelegate.swift */; };
		A895AECE21934CA7006ACC1B /* Main.storyboard in Resources */ = {isa = PBXBuildFile; fileRef = A895AECC21934CA7006ACC1B /* Main.storyboard */; };
		A895AED021934CA8006ACC1B /* Assets.xcassets in Resources */ = {isa = PBXBuildFile; fileRef = A895AECF21934CA8006ACC1B /* Assets.xcassets */; };
		A895AED321934CA8006ACC1B /* LaunchScreen.storyboard in Resources */ = {isa = PBXBuildFile; fileRef = A895AED121934CA8006ACC1B /* LaunchScreen.storyboard */; };
		A895AEDB21934D16006ACC1B /* MainViewController.swift in Sources */ = {isa = PBXBuildFile; fileRef = A895AEDA21934D16006ACC1B /* MainViewController.swift */; };
		A8DB6820219BDB0700CD36D5 /* CustomTableViewCell.swift in Sources */ = {isa = PBXBuildFile; fileRef = A8DB681F219BDB0700CD36D5 /* CustomTableViewCell.swift */; };
		A8DB6865219DA4BE00CD36D5 /* PlaceModel.swift in Sources */ = {isa = PBXBuildFile; fileRef = A8DB6864219DA4BE00CD36D5 /* PlaceModel.swift */; };
		A8E81AC22237894B000A4C5F /* MapManager.swift in Sources */ = {isa = PBXBuildFile; fileRef = A8E81AC12237894B000A4C5F /* MapManager.swift */; };
		A8F146FE2212926C000E7D78 /* MapKit.framework in Frameworks */ = {isa = PBXBuildFile; fileRef = A8F146FD2212926C000E7D78 /* MapKit.framework */; };
		A8F14700221293C1000E7D78 /* MapViewController.swift in Sources */ = {isa = PBXBuildFile; fileRef = A8F146FF221293C1000E7D78 /* MapViewController.swift */; };
		A8F37E5E22002F9700C40214 /* RatingControl.swift in Sources */ = {isa = PBXBuildFile; fileRef = A8F37E5D22002F9700C40214 /* RatingControl.swift */; };
		A8F6604A21BA599700C724FD /* StorageManager.swift in Sources */ = {isa = PBXBuildFile; fileRef = A8F6604921BA599700C724FD /* StorageManager.swift */; };
/* End PBXBuildFile section */

/* Begin PBXFileReference section */
		3FE30A28997B9A1FB13D9B2C /* Pods-MyPlaces.release.xcconfig */ = {isa = PBXFileReference; includeInIndex = 1; lastKnownFileType = text.xcconfig; name = "Pods-MyPlaces.release.xcconfig"; path = "Pods/Target Support Files/Pods-MyPlaces/Pods-MyPlaces.release.xcconfig"; sourceTree = "<group>"; };
		733859ED947291EC14E99950 /* Pods_MyPlaces.framework */ = {isa = PBXFileReference; explicitFileType = wrapper.framework; includeInIndex = 0; path = Pods_MyPlaces.framework; sourceTree = BUILT_PRODUCTS_DIR; };
		95EBA851E462D757B85991E0 /* Pods-MyPlaces.debug.xcconfig */ = {isa = PBXFileReference; includeInIndex = 1; lastKnownFileType = text.xcconfig; name = "Pods-MyPlaces.debug.xcconfig"; path = "Pods/Target Support Files/Pods-MyPlaces/Pods-MyPlaces.debug.xcconfig"; sourceTree = "<group>"; };
		A82E5BE421A5315800BD5158 /* NewPlaceViewController.swift */ = {isa = PBXFileReference; lastKnownFileType = sourcecode.swift; path = NewPlaceViewController.swift; sourceTree = "<group>"; };
		A895AEC521934CA7006ACC1B /* MyPlaces.app */ = {isa = PBXFileReference; explicitFileType = wrapper.application; includeInIndex = 0; path = MyPlaces.app; sourceTree = BUILT_PRODUCTS_DIR; };
		A895AEC821934CA7006ACC1B /* AppDelegate.swift */ = {isa = PBXFileReference; lastKnownFileType = sourcecode.swift; path = AppDelegate.swift; sourceTree = "<group>"; };
		A895AECD21934CA7006ACC1B /* Base */ = {isa = PBXFileReference; lastKnownFileType = file.storyboard; name = Base; path = Base.lproj/Main.storyboard; sourceTree = "<group>"; };
		A895AECF21934CA8006ACC1B /* Assets.xcassets */ = {isa = PBXFileReference; lastKnownFileType = folder.assetcatalog; path = Assets.xcassets; sourceTree = "<group>"; };
		A895AED221934CA8006ACC1B /* Base */ = {isa = PBXFileReference; lastKnownFileType = file.storyboard; name = Base; path = Base.lproj/LaunchScreen.storyboard; sourceTree = "<group>"; };
		A895AED421934CA8006ACC1B /* Info.plist */ = {isa = PBXFileReference; lastKnownFileType = text.plist.xml; path = Info.plist; sourceTree = "<group>"; };
		A895AEDA21934D16006ACC1B /* MainViewController.swift */ = {isa = PBXFileReference; lastKnownFileType = sourcecode.swift; path = MainViewController.swift; sourceTree = "<group>"; };
		A8DB681F219BDB0700CD36D5 /* CustomTableViewCell.swift */ = {isa = PBXFileReference; lastKnownFileType = sourcecode.swift; path = CustomTableViewCell.swift; sourceTree = "<group>"; };
		A8DB6864219DA4BE00CD36D5 /* PlaceModel.swift */ = {isa = PBXFileReference; lastKnownFileType = sourcecode.swift; path = PlaceModel.swift; sourceTree = "<group>"; };
		A8E81AC12237894B000A4C5F /* MapManager.swift */ = {isa = PBXFileReference; fileEncoding = 4; lastKnownFileType = sourcecode.swift; path = MapManager.swift; sourceTree = "<group>"; };
		A8F146FD2212926C000E7D78 /* MapKit.framework */ = {isa = PBXFileReference; lastKnownFileType = wrapper.framework; name = MapKit.framework; path = System/Library/Frameworks/MapKit.framework; sourceTree = SDKROOT; };
		A8F146FF221293C1000E7D78 /* MapViewController.swift */ = {isa = PBXFileReference; lastKnownFileType = sourcecode.swift; path = MapViewController.swift; sourceTree = "<group>"; };
		A8F37E5D22002F9700C40214 /* RatingControl.swift */ = {isa = PBXFileReference; lastKnownFileType = sourcecode.swift; path = RatingControl.swift; sourceTree = "<group>"; };
		A8F6604921BA599700C724FD /* StorageManager.swift */ = {isa = PBXFileReference; lastKnownFileType = sourcecode.swift; path = StorageManager.swift; sourceTree = "<group>"; };
/* End PBXFileReference section */

/* Begin PBXFrameworksBuildPhase section */
		A895AEC221934CA7006ACC1B /* Frameworks */ = {
			isa = PBXFrameworksBuildPhase;
			buildActionMask = 2147483647;
			files = (
				A8F146FE2212926C000E7D78 /* MapKit.framework in Frameworks */,
				8B9DAF42F91ECB0D47E8A3DB /* Pods_MyPlaces.framework in Frameworks */,
			);
			runOnlyForDeploymentPostprocessing = 0;
		};
/* End PBXFrameworksBuildPhase section */

/* Begin PBXGroup section */
		A3E62A2428117415D511FF13 /* Frameworks */ = {
			isa = PBXGroup;
			children = (
				A8F146FD2212926C000E7D78 /* MapKit.framework */,
				733859ED947291EC14E99950 /* Pods_MyPlaces.framework */,
			);
			name = Frameworks;
			sourceTree = "<group>";
		};
		A895AEBC21934CA7006ACC1B = {
			isa = PBXGroup;
			children = (
				A895AEC721934CA7006ACC1B /* MyPlaces */,
				A895AEC621934CA7006ACC1B /* Products */,
				C0C40E14B0726AF0C70AAEB3 /* Pods */,
				A3E62A2428117415D511FF13 /* Frameworks */,
			);
			sourceTree = "<group>";
		};
		A895AEC621934CA7006ACC1B /* Products */ = {
			isa = PBXGroup;
			children = (
				A895AEC521934CA7006ACC1B /* MyPlaces.app */,
			);
			name = Products;
			sourceTree = "<group>";
		};
		A895AEC721934CA7006ACC1B /* MyPlaces */ = {
			isa = PBXGroup;
			children = (
				A8E81AC32237B864000A4C5F /* ViewControllers */,
				A8E81AC82237BA0F000A4C5F /* Helpers */,
				A8E81AC42237B8A5000A4C5F /* Models */,
				A8E81AC92237BA36000A4C5F /* Support Files */,
				A8E81ACA2237BA55000A4C5F /* IBuilder */,
			);
			path = MyPlaces;
			sourceTree = "<group>";
		};
		A8E81AC32237B864000A4C5F /* ViewControllers */ = {
			isa = PBXGroup;
			children = (
				A895AEDA21934D16006ACC1B /* MainViewController.swift */,
				A82E5BE421A5315800BD5158 /* NewPlaceViewController.swift */,
				A8F146FF221293C1000E7D78 /* MapViewController.swift */,
				A8DB681F219BDB0700CD36D5 /* CustomTableViewCell.swift */,
			);
			path = ViewControllers;
			sourceTree = "<group>";
		};
		A8E81AC42237B8A5000A4C5F /* Models */ = {
			isa = PBXGroup;
			children = (
				A8DB6864219DA4BE00CD36D5 /* PlaceModel.swift */,
			);
			path = Models;
			sourceTree = "<group>";
		};
		A8E81AC82237BA0F000A4C5F /* Helpers */ = {
			isa = PBXGroup;
			children = (
				A8E81AC12237894B000A4C5F /* MapManager.swift */,
				A8F6604921BA599700C724FD /* StorageManager.swift */,
				A8F37E5D22002F9700C40214 /* RatingControl.swift */,
			);
			path = Helpers;
			sourceTree = "<group>";
		};
		A8E81AC92237BA36000A4C5F /* Support Files */ = {
			isa = PBXGroup;
			children = (
				A895AECF21934CA8006ACC1B /* Assets.xcassets */,
				A895AEC821934CA7006ACC1B /* AppDelegate.swift */,
				A895AED421934CA8006ACC1B /* Info.plist */,
			);
			path = "Support Files";
			sourceTree = "<group>";
		};
		A8E81ACA2237BA55000A4C5F /* IBuilder */ = {
			isa = PBXGroup;
			children = (
				A895AED121934CA8006ACC1B /* LaunchScreen.storyboard */,
				A895AECC21934CA7006ACC1B /* Main.storyboard */,
			);
			path = IBuilder;
			sourceTree = "<group>";
		};
		C0C40E14B0726AF0C70AAEB3 /* Pods */ = {
			isa = PBXGroup;
			children = (
				95EBA851E462D757B85991E0 /* Pods-MyPlaces.debug.xcconfig */,
				3FE30A28997B9A1FB13D9B2C /* Pods-MyPlaces.release.xcconfig */,
			);
			name = Pods;
			sourceTree = "<group>";
		};
/* End PBXGroup section */

/* Begin PBXNativeTarget section */
		A895AEC421934CA7006ACC1B /* MyPlaces */ = {
			isa = PBXNativeTarget;
			buildConfigurationList = A895AED721934CA8006ACC1B /* Build configuration list for PBXNativeTarget "MyPlaces" */;
			buildPhases = (
				6C340E7A780533ABCE096FEE /* [CP] Check Pods Manifest.lock */,
				A895AEC121934CA7006ACC1B /* Sources */,
				A895AEC221934CA7006ACC1B /* Frameworks */,
				A895AEC321934CA7006ACC1B /* Resources */,
				EA2A10B2579C44929C861C6A /* [CP] Embed Pods Frameworks */,
			);
			buildRules = (
			);
			dependencies = (
			);
			name = MyPlaces;
			productName = MyPlaces;
			productReference = A895AEC521934CA7006ACC1B /* MyPlaces.app */;
			productType = "com.apple.product-type.application";
		};
/* End PBXNativeTarget section */

/* Begin PBXProject section */
		A895AEBD21934CA7006ACC1B /* Project object */ = {
			isa = PBXProject;
			attributes = {
				LastSwiftUpdateCheck = 1010;
				LastUpgradeCheck = 1010;
				ORGANIZATIONNAME = "Alexey Efimov";
				TargetAttributes = {
					A895AEC421934CA7006ACC1B = {
						CreatedOnToolsVersion = 10.1;
						LastSwiftMigration = 1020;
						SystemCapabilities = {
							com.apple.Maps.iOS = {
								enabled = 0;
							};
						};
					};
				};
			};
			buildConfigurationList = A895AEC021934CA7006ACC1B /* Build configuration list for PBXProject "MyPlaces" */;
			compatibilityVersion = "Xcode 9.3";
			developmentRegion = en;
			hasScannedForEncodings = 0;
			knownRegions = (
				en,
				Base,
			);
			mainGroup = A895AEBC21934CA7006ACC1B;
			productRefGroup = A895AEC621934CA7006ACC1B /* Products */;
			projectDirPath = "";
			projectRoot = "";
			targets = (
				A895AEC421934CA7006ACC1B /* MyPlaces */,
			);
		};
/* End PBXProject section */

/* Begin PBXResourcesBuildPhase section */
		A895AEC321934CA7006ACC1B /* Resources */ = {
			isa = PBXResourcesBuildPhase;
			buildActionMask = 2147483647;
			files = (
				A895AED321934CA8006ACC1B /* LaunchScreen.storyboard in Resources */,
				A895AED021934CA8006ACC1B /* Assets.xcassets in Resources */,
				A895AECE21934CA7006ACC1B /* Main.storyboard in Resources */,
			);
			runOnlyForDeploymentPostprocessing = 0;
		};
/* End PBXResourcesBuildPhase section */

/* Begin PBXShellScriptBuildPhase section */
		6C340E7A780533ABCE096FEE /* [CP] Check Pods Manifest.lock */ = {
			isa = PBXShellScriptBuildPhase;
			buildActionMask = 2147483647;
			files = (
			);
			inputPaths = (
				"${PODS_PODFILE_DIR_PATH}/Podfile.lock",
				"${PODS_ROOT}/Manifest.lock",
			);
			name = "[CP] Check Pods Manifest.lock";
			outputPaths = (
				"$(DERIVED_FILE_DIR)/Pods-MyPlaces-checkManifestLockResult.txt",
			);
			runOnlyForDeploymentPostprocessing = 0;
			shellPath = /bin/sh;
			shellScript = "diff \"${PODS_PODFILE_DIR_PATH}/Podfile.lock\" \"${PODS_ROOT}/Manifest.lock\" > /dev/null\nif [ $? != 0 ] ; then\n    # print error to STDERR\n    echo \"error: The sandbox is not in sync with the Podfile.lock. Run 'pod install' or update your CocoaPods installation.\" >&2\n    exit 1\nfi\n# This output is used by Xcode 'outputs' to avoid re-running this script phase.\necho \"SUCCESS\" > \"${SCRIPT_OUTPUT_FILE_0}\"\n";
			showEnvVarsInLog = 0;
		};
		EA2A10B2579C44929C861C6A /* [CP] Embed Pods Frameworks */ = {
			isa = PBXShellScriptBuildPhase;
			buildActionMask = 2147483647;
			files = (
			);
			inputFileListPaths = (
				"${PODS_ROOT}/Target Support Files/Pods-MyPlaces/Pods-MyPlaces-frameworks-${CONFIGURATION}-input-files.xcfilelist",
			);
			name = "[CP] Embed Pods Frameworks";
			outputFileListPaths = (
				"${PODS_ROOT}/Target Support Files/Pods-MyPlaces/Pods-MyPlaces-frameworks-${CONFIGURATION}-output-files.xcfilelist",
			);
			runOnlyForDeploymentPostprocessing = 0;
			shellPath = /bin/sh;
			shellScript = "\"${PODS_ROOT}/Target Support Files/Pods-MyPlaces/Pods-MyPlaces-frameworks.sh\"\n";
			showEnvVarsInLog = 0;
		};
/* End PBXShellScriptBuildPhase section */

/* Begin PBXSourcesBuildPhase section */
		A895AEC121934CA7006ACC1B /* Sources */ = {
			isa = PBXSourcesBuildPhase;
			buildActionMask = 2147483647;
			files = (
				A8F37E5E22002F9700C40214 /* RatingControl.swift in Sources */,
				A8DB6820219BDB0700CD36D5 /* CustomTableViewCell.swift in Sources */,
				A8DB6865219DA4BE00CD36D5 /* PlaceModel.swift in Sources */,
				A82E5BE521A5315800BD5158 /* NewPlaceViewController.swift in Sources */,
				A8E81AC22237894B000A4C5F /* MapManager.swift in Sources */,
				A8F6604A21BA599700C724FD /* StorageManager.swift in Sources */,
				A895AEC921934CA7006ACC1B /* AppDelegate.swift in Sources */,
				A895AEDB21934D16006ACC1B /* MainViewController.swift in Sources */,
				A8F14700221293C1000E7D78 /* MapViewController.swift in Sources */,
			);
			runOnlyForDeploymentPostprocessing = 0;
		};
/* End PBXSourcesBuildPhase section */

/* Begin PBXVariantGroup section */
		A895AECC21934CA7006ACC1B /* Main.storyboard */ = {
			isa = PBXVariantGroup;
			children = (
				A895AECD21934CA7006ACC1B /* Base */,
			);
			name = Main.storyboard;
			sourceTree = "<group>";
		};
		A895AED121934CA8006ACC1B /* LaunchScreen.storyboard */ = {
			isa = PBXVariantGroup;
			children = (
				A895AED221934CA8006ACC1B /* Base */,
			);
			name = LaunchScreen.storyboard;
			sourceTree = "<group>";
		};
/* End PBXVariantGroup section */

/* Begin XCBuildConfiguration section */
		A895AED521934CA8006ACC1B /* Debug */ = {
			isa = XCBuildConfiguration;
			buildSettings = {
				ALWAYS_SEARCH_USER_PATHS = NO;
				CLANG_ANALYZER_NONNULL = YES;
				CLANG_ANALYZER_NUMBER_OBJECT_CONVERSION = YES_AGGRESSIVE;
				CLANG_CXX_LANGUAGE_STANDARD = "gnu++14";
				CLANG_CXX_LIBRARY = "libc++";
				CLANG_ENABLE_MODULES = YES;
				CLANG_ENABLE_OBJC_ARC = YES;
				CLANG_ENABLE_OBJC_WEAK = YES;
				CLANG_WARN_BLOCK_CAPTURE_AUTORELEASING = YES;
				CLANG_WARN_BOOL_CONVERSION = YES;
				CLANG_WARN_COMMA = YES;
				CLANG_WARN_CONSTANT_CONVERSION = YES;
				CLANG_WARN_DEPRECATED_OBJC_IMPLEMENTATIONS = YES;
				CLANG_WARN_DIRECT_OBJC_ISA_USAGE = YES_ERROR;
				CLANG_WARN_DOCUMENTATION_COMMENTS = YES;
				CLANG_WARN_EMPTY_BODY = YES;
				CLANG_WARN_ENUM_CONVERSION = YES;
				CLANG_WARN_INFINITE_RECURSION = YES;
				CLANG_WARN_INT_CONVERSION = YES;
				CLANG_WARN_NON_LITERAL_NULL_CONVERSION = YES;
				CLANG_WARN_OBJC_IMPLICIT_RETAIN_SELF = YES;
				CLANG_WARN_OBJC_LITERAL_CONVERSION = YES;
				CLANG_WARN_OBJC_ROOT_CLASS = YES_ERROR;
				CLANG_WARN_RANGE_LOOP_ANALYSIS = YES;
				CLANG_WARN_STRICT_PROTOTYPES = YES;
				CLANG_WARN_SUSPICIOUS_MOVE = YES;
				CLANG_WARN_UNGUARDED_AVAILABILITY = YES_AGGRESSIVE;
				CLANG_WARN_UNREACHABLE_CODE = YES;
				CLANG_WARN__DUPLICATE_METHOD_MATCH = YES;
				CODE_SIGN_IDENTITY = "iPhone Developer";
				COPY_PHASE_STRIP = NO;
				DEBUG_INFORMATION_FORMAT = dwarf;
				ENABLE_STRICT_OBJC_MSGSEND = YES;
				ENABLE_TESTABILITY = YES;
				GCC_C_LANGUAGE_STANDARD = gnu11;
				GCC_DYNAMIC_NO_PIC = NO;
				GCC_NO_COMMON_BLOCKS = YES;
				GCC_OPTIMIZATION_LEVEL = 0;
				GCC_PREPROCESSOR_DEFINITIONS = (
					"DEBUG=1",
					"$(inherited)",
				);
				GCC_WARN_64_TO_32_BIT_CONVERSION = YES;
				GCC_WARN_ABOUT_RETURN_TYPE = YES_ERROR;
				GCC_WARN_UNDECLARED_SELECTOR = YES;
				GCC_WARN_UNINITIALIZED_AUTOS = YES_AGGRESSIVE;
				GCC_WARN_UNUSED_FUNCTION = YES;
				GCC_WARN_UNUSED_VARIABLE = YES;
				IPHONEOS_DEPLOYMENT_TARGET = 12.1;
				MTL_ENABLE_DEBUG_INFO = INCLUDE_SOURCE;
				MTL_FAST_MATH = YES;
				ONLY_ACTIVE_ARCH = YES;
				SDKROOT = iphoneos;
				SWIFT_ACTIVE_COMPILATION_CONDITIONS = DEBUG;
				SWIFT_OPTIMIZATION_LEVEL = "-Onone";
			};
			name = Debug;
		};
		A895AED621934CA8006ACC1B /* Release */ = {
			isa = XCBuildConfiguration;
			buildSettings = {
				ALWAYS_SEARCH_USER_PATHS = NO;
				CLANG_ANALYZER_NONNULL = YES;
				CLANG_ANALYZER_NUMBER_OBJECT_CONVERSION = YES_AGGRESSIVE;
				CLANG_CXX_LANGUAGE_STANDARD = "gnu++14";
				CLANG_CXX_LIBRARY = "libc++";
				CLANG_ENABLE_MODULES = YES;
				CLANG_ENABLE_OBJC_ARC = YES;
				CLANG_ENABLE_OBJC_WEAK = YES;
				CLANG_WARN_BLOCK_CAPTURE_AUTORELEASING = YES;
				CLANG_WARN_BOOL_CONVERSION = YES;
				CLANG_WARN_COMMA = YES;
				CLANG_WARN_CONSTANT_CONVERSION = YES;
				CLANG_WARN_DEPRECATED_OBJC_IMPLEMENTATIONS = YES;
				CLANG_WARN_DIRECT_OBJC_ISA_USAGE = YES_ERROR;
				CLANG_WARN_DOCUMENTATION_COMMENTS = YES;
				CLANG_WARN_EMPTY_BODY = YES;
				CLANG_WARN_ENUM_CONVERSION = YES;
				CLANG_WARN_INFINITE_RECURSION = YES;
				CLANG_WARN_INT_CONVERSION = YES;
				CLANG_WARN_NON_LITERAL_NULL_CONVERSION = YES;
				CLANG_WARN_OBJC_IMPLICIT_RETAIN_SELF = YES;
				CLANG_WARN_OBJC_LITERAL_CONVERSION = YES;
				CLANG_WARN_OBJC_ROOT_CLASS = YES_ERROR;
				CLANG_WARN_RANGE_LOOP_ANALYSIS = YES;
				CLANG_WARN_STRICT_PROTOTYPES = YES;
				CLANG_WARN_SUSPICIOUS_MOVE = YES;
				CLANG_WARN_UNGUARDED_AVAILABILITY = YES_AGGRESSIVE;
				CLANG_WARN_UNREACHABLE_CODE = YES;
				CLANG_WARN__DUPLICATE_METHOD_MATCH = YES;
				CODE_SIGN_IDENTITY = "iPhone Developer";
				COPY_PHASE_STRIP = NO;
				DEBUG_INFORMATION_FORMAT = "dwarf-with-dsym";
				ENABLE_NS_ASSERTIONS = NO;
				ENABLE_STRICT_OBJC_MSGSEND = YES;
				GCC_C_LANGUAGE_STANDARD = gnu11;
				GCC_NO_COMMON_BLOCKS = YES;
				GCC_WARN_64_TO_32_BIT_CONVERSION = YES;
				GCC_WARN_ABOUT_RETURN_TYPE = YES_ERROR;
				GCC_WARN_UNDECLARED_SELECTOR = YES;
				GCC_WARN_UNINITIALIZED_AUTOS = YES_AGGRESSIVE;
				GCC_WARN_UNUSED_FUNCTION = YES;
				GCC_WARN_UNUSED_VARIABLE = YES;
				IPHONEOS_DEPLOYMENT_TARGET = 12.1;
				MTL_ENABLE_DEBUG_INFO = NO;
				MTL_FAST_MATH = YES;
				SDKROOT = iphoneos;
				SWIFT_COMPILATION_MODE = wholemodule;
				SWIFT_OPTIMIZATION_LEVEL = "-O";
				VALIDATE_PRODUCT = YES;
			};
			name = Release;
		};
		A895AED821934CA8006ACC1B /* Debug */ = {
			isa = XCBuildConfiguration;
			baseConfigurationReference = 95EBA851E462D757B85991E0 /* Pods-MyPlaces.debug.xcconfig */;
			buildSettings = {
				ASSETCATALOG_COMPILER_APPICON_NAME = AppIcon;
				CODE_SIGN_STYLE = Automatic;
				DEVELOPMENT_TEAM = 5H969S6YFE;
				INFOPLIST_FILE = "$(SRCROOT)/MyPlaces/Support Files/Info.plist";
				LD_RUNPATH_SEARCH_PATHS = (
					"$(inherited)",
					"@executable_path/Frameworks",
				);
				PRODUCT_BUNDLE_IDENTIFIER = ru.swiftbook.MyPlaces;
				PRODUCT_NAME = "$(TARGET_NAME)";
				SWIFT_VERSION = 5.0;
				TARGETED_DEVICE_FAMILY = "1,2";
			};
			name = Debug;
		};
		A895AED921934CA8006ACC1B /* Release */ = {
			isa = XCBuildConfiguration;
			baseConfigurationReference = 3FE30A28997B9A1FB13D9B2C /* Pods-MyPlaces.release.xcconfig */;
			buildSettings = {
				ASSETCATALOG_COMPILER_APPICON_NAME = AppIcon;
				CODE_SIGN_STYLE = Automatic;
				DEVELOPMENT_TEAM = 5H969S6YFE;
				INFOPLIST_FILE = "$(SRCROOT)/MyPlaces/Support Files/Info.plist";
				LD_RUNPATH_SEARCH_PATHS = (
					"$(inherited)",
					"@executable_path/Frameworks",
				);
				PRODUCT_BUNDLE_IDENTIFIER = ru.swiftbook.MyPlaces;
				PRODUCT_NAME = "$(TARGET_NAME)";
				SWIFT_VERSION = 5.0;
				TARGETED_DEVICE_FAMILY = "1,2";
			};
			name = Release;
		};
/* End XCBuildConfiguration section */

/* Begin XCConfigurationList section */
		A895AEC021934CA7006ACC1B /* Build configuration list for PBXProject "MyPlaces" */ = {
			isa = XCConfigurationList;
			buildConfigurations = (
				A895AED521934CA8006ACC1B /* Debug */,
				A895AED621934CA8006ACC1B /* Release */,
			);
			defaultConfigurationIsVisible = 0;
			defaultConfigurationName = Release;
		};
		A895AED721934CA8006ACC1B /* Build configuration list for PBXNativeTarget "MyPlaces" */ = {
			isa = XCConfigurationList;
			buildConfigurations = (
				A895AED821934CA8006ACC1B /* Debug */,
				A895AED921934CA8006ACC1B /* Release */,
			);
			defaultConfigurationIsVisible = 0;
			defaultConfigurationName = Release;
		};
/* End XCConfigurationList section */
	};
	rootObject = A895AEBD21934CA7006ACC1B /* Project object */;
}
